{
    "_readme": [
        "This file locks the dependencies of your project to a known state",
        "Read more about it at https://getcomposer.org/doc/01-basic-usage.md#composer-lock-the-lock-file",
        "This file is @generated automatically"
    ],
    "content-hash": "628dce8e7d438999d1d9be11bf50d2f6",
    "packages": [
        {
            "name": "aduh95/html-generator",
            "version": "1.0.0",
            "source": {
                "type": "git",
                "url": "https://github.com/aduh95/html-generator.git",
                "reference": "fc7996995b92ac1ceebd267ec981d88801f4f2bc"
            },
            "dist": {
                "type": "zip",
                "url": "https://api.github.com/repos/aduh95/html-generator/zipball/fc7996995b92ac1ceebd267ec981d88801f4f2bc",
                "reference": "fc7996995b92ac1ceebd267ec981d88801f4f2bc",
                "shasum": ""
            },
            "require-dev": {
                "phpdocumentor/phpdocumentor": "~2.0",
                "phpunit/phpunit": "~5.0"
            },
            "suggest": {
                "wa72/html-pretty-min": "Minify or indent HTML documents",
                "wa72/htmlpagedom": "To add some more jQuery implementation in PHP"
            },
            "type": "library",
            "autoload": {
                "psr-4": {
                    "aduh95\\HTMLGenerator\\": "src/"
                }
            },
            "notification-url": "https://packagist.org/downloads/",
            "license": [
                "MIT"
            ],
            "authors": [
                {
                    "name": "Antoine du HAMEL",
                    "email": "duhamelantoine1995@gmail.com"
                }
            ],
            "description": "HTML generator in PHP, implementing most of the jQuery DOM manipulation API",
            "keywords": [
                "dom",
                "generator",
                "html",
                "jquery",
                "php"
            ],
            "time": "2016-09-25T21:40:15+00:00"
        }
    ],
    "packages-dev": [
        {
            "name": "squizlabs/php_codesniffer",
            "version": "3.0.2",
            "source": {
                "type": "git",
                "url": "https://github.com/squizlabs/PHP_CodeSniffer.git",
                "reference": "c7594a88ae75401e8f8d0bd4deb8431b39045c51"
            },
            "dist": {
                "type": "zip",
                "url": "https://api.github.com/repos/squizlabs/PHP_CodeSniffer/zipball/c7594a88ae75401e8f8d0bd4deb8431b39045c51",
                "reference": "c7594a88ae75401e8f8d0bd4deb8431b39045c51",
                "shasum": ""
            },
            "require": {
                "ext-simplexml": "*",
                "ext-tokenizer": "*",
                "ext-xmlwriter": "*",
                "php": ">=5.4.0"
            },
            "require-dev": {
                "phpunit/phpunit": "~4.0"
            },
            "bin": [
                "bin/phpcs",
                "bin/phpcbf"
            ],
            "type": "library",
            "extra": {
                "branch-alias": {
                    "dev-master": "3.x-dev"
                }
            },
            "notification-url": "https://packagist.org/downloads/",
            "license": [
                "BSD-3-Clause"
            ],
            "authors": [
                {
                    "name": "Greg Sherwood",
                    "role": "lead"
                }
            ],
            "description": "PHP_CodeSniffer tokenizes PHP, JavaScript and CSS files and detects violations of a defined set of coding standards.",
            "homepage": "http://www.squizlabs.com/php-codesniffer",
            "keywords": [
                "phpcs",
                "standards"
            ],
            "time": "2017-07-18T01:12:32+00:00"
        }
    ],
    "aliases": [],
    "minimum-stability": "stable",
    "stability-flags": [],
    "prefer-stable": false,
    "prefer-lowest": false,
    "platform": [],
    "platform-dev": []
}
